
Microsoft Visual Studio Solution File, Format Version 12.00
# Visual Studio Version 17
VisualStudioVersion = 17.7.34202.233
MinimumVisualStudioVersion = 10.0.40219.1
Project("{9A19103F-16F7-4668-BE54-9A1E7A4F7556}") = "GCPAPI_TEST", "GCPAPI_TEST\GCPAPI_TEST.csproj", "{2629A101-2951-44DA-9A33-70EDECC1372B}"
EndProject
Project("{9A19103F-16F7-4668-BE54-9A1E7A4F7556}") = "GCP.SERVICE", "TWM.CRM.GCP.SERVICE\GCP.SERVICE.csproj", "{94125F72-BF7C-408C-8105-A4FA997F3F67}"
EndProject
Project("{2150E333-8FDC-42A3-9474-1A3956D46DE8}") = "DLL", "DLL", "{C3227568-4B4B-45DD-817F-C346B106F60D}"
	ProjectSection(SolutionItems) = preProject
		DLL\CommonLibrary.dll = DLL\CommonLibrary.dll
		DLL\CommonLibrary.pdb = DLL\CommonLibrary.pdb
		DLL\GCP.SERVICE.deps.json = DLL\GCP.SERVICE.deps.json
		DLL\GCP.SERVICE.dll = DLL\GCP.SERVICE.dll
		DLL\GCP.SERVICE.pdb = DLL\GCP.SERVICE.pdb
	EndProjectSection
EndProject
Project("{9A19103F-16F7-4668-BE54-9A1E7A4F7556}") = "GCP.WpfApp.Exercise", "GCP.WpfApp.Exercise\GCP.WpfApp.Exercise.csproj", "{23F44F06-3730-43A7-9682-D78016782019}"
EndProject
Project("{2150E333-8FDC-42A3-9474-1A3956D46DE8}") = "方案項目", "方案項目", "{9100D839-2C10-456F-8174-37D3A0BF6DC9}"
	ProjectSection(SolutionItems) = preProject
		.gitignore = .gitignore
	EndProjectSection
EndProject
Project("{2150E333-8FDC-42A3-9474-1A3956D46DE8}") = "GoogleCredential", "GoogleCredential", "{8BBCD96A-A6D7-418F-AB58-C821132D66F7}"
	ProjectSection(SolutionItems) = preProject
		DLL\GoogleCredential\mytest-405908-efc1034d9512.json = DLL\GoogleCredential\mytest-405908-efc1034d9512.json
	EndProjectSection
EndProject
Global
	GlobalSection(SolutionConfigurationPlatforms) = preSolution
		Debug|Any CPU = Debug|Any CPU
		Release|Any CPU = Release|Any CPU
	EndGlobalSection
	GlobalSection(ProjectConfigurationPlatforms) = postSolution
		{2629A101-2951-44DA-9A33-70EDECC1372B}.Debug|Any CPU.ActiveCfg = Debug|Any CPU
		{2629A101-2951-44DA-9A33-70EDECC1372B}.Debug|Any CPU.Build.0 = Debug|Any CPU
		{2629A101-2951-44DA-9A33-70EDECC1372B}.Release|Any CPU.ActiveCfg = Release|Any CPU
		{2629A101-2951-44DA-9A33-70EDECC1372B}.Release|Any CPU.Build.0 = Release|Any CPU
		{94125F72-BF7C-408C-8105-A4FA997F3F67}.Debug|Any CPU.ActiveCfg = Debug|Any CPU
		{94125F72-BF7C-408C-8105-A4FA997F3F67}.Debug|Any CPU.Build.0 = Debug|Any CPU
		{94125F72-BF7C-408C-8105-A4FA997F3F67}.Release|Any CPU.ActiveCfg = Release|Any CPU
		{94125F72-BF7C-408C-8105-A4FA997F3F67}.Release|Any CPU.Build.0 = Release|Any CPU
		{23F44F06-3730-43A7-9682-D78016782019}.Debug|Any CPU.ActiveCfg = Debug|Any CPU
		{23F44F06-3730-43A7-9682-D78016782019}.Debug|Any CPU.Build.0 = Debug|Any CPU
		{23F44F06-3730-43A7-9682-D78016782019}.Release|Any CPU.ActiveCfg = Release|Any CPU
		{23F44F06-3730-43A7-9682-D78016782019}.Release|Any CPU.Build.0 = Release|Any CPU
	EndGlobalSection
	GlobalSection(SolutionProperties) = preSolution
		HideSolutionNode = FALSE
	EndGlobalSection
	GlobalSection(NestedProjects) = preSolution
		{C3227568-4B4B-45DD-817F-C346B106F60D} = {9100D839-2C10-456F-8174-37D3A0BF6DC9}
		{8BBCD96A-A6D7-418F-AB58-C821132D66F7} = {C3227568-4B4B-45DD-817F-C346B106F60D}
	EndGlobalSection
	GlobalSection(ExtensibilityGlobals) = postSolution
		SolutionGuid = {59F4F1E2-4550-4BE2-A1BF-52ADA94BF413}
	EndGlobalSection
EndGlobal
